{
    "name": "allapis",
    "version": "1.1.1",
    "lockfileVersion": 2,
    "requires": true,
    "packages": {
        "": {
            "name": "allapis",
            "version": "1.1.1",
            "license": "MIT",
            "dependencies": {
                "just-extend": "6.1.1"
            }
        },
        "node_modules/just-extend": {
            "version": "6.1.1",
            "resolved": "https://registry.npmjs.org/just-extend/-/just-extend-6.1.1.tgz",
            "integrity": "sha512-1UWaMWIB90HnIZAmXOTLobwWc9lc1ZMUBRKf8PaozCAiNUif6wv1fyeXpqccWZCu7L9zxIgXG55vARuZluyvqw=="
        }
    },
    "dependencies": {
        "just-extend": {
            "version": "6.1.1",
            "resolved": "https://registry.npmjs.org/just-extend/-/just-extend-6.1.1.tgz",
            "integrity": "sha512-1UWaMWIB90HnIZAmXOTLobwWc9lc1ZMUBRKf8PaozCAiNUif6wv1fyeXpqccWZCu7L9zxIgXG55vARuZluyvqw=="
        }
    }
}
